PODS:
  - Amplitude (8.8.0):
    - AnalyticsConnector (~> 1.0.0)
  - AnalyticsConnector (1.0.0)
  - RudderAmplitude (1.0.0):
    - Amplitude (= 8.8.0)
    - RudderStack
  - RudderStack (1.0.0-beta.3)

DEPENDENCIES:
  - Amplitude (= 8.8.0)
  - RudderAmplitude (from `.`)
  - RudderStack (from `~/Documents/Rudder/RudderStack-Swift/`)

SPEC REPOS:
  https://github.com/CocoaPods/Specs.git:
    - Amplitude
    - AnalyticsConnector

EXTERNAL SOURCES:
  RudderAmplitude:
    :path: "."
  RudderStack:
    :path: "~/Documents/Rudder/RudderStack-Swift/"

SPEC CHECKSUMS:
  Amplitude: 710116f3539c225e86fb70a8abdcd20015683132
  AnalyticsConnector: 4c386d5972ac9da86e22d668564dbbac97558754
  RudderAmplitude: 45ce8fc003cebefadfc88136df4260ddf04f9d16
  RudderStack: 7e120a03736b0021f56a504c0966b95ffa9f5bcb

PODFILE CHECKSUM: b76d819501c3af85b1ed6e23388a27d5a69bdad2

COCOAPODS: 1.11.2
